
Microsoft Visual Studio Solution File, Format Version 12.00
# Visual Studio Version 17
VisualStudioVersion = 17.4.33110.190
MinimumVisualStudioVersion = 10.0.40219.1
Project("{FAE04EC0-301F-11D3-BF4B-00C04F79EFBC}") = "CardGameStatistic", "CardGameStatistic\CardGameStatistic.csproj", "{F5AAA50D-7023-4AEE-B7EC-9ADC80DF6484}"
EndProject
Global
	GlobalSection(SolutionConfigurationPlatforms) = preSolution
		Debug|Any CPU = Debug|Any CPU
		Release|Any CPU = Release|Any CPU
	EndGlobalSection
	GlobalSection(ProjectConfigurationPlatforms) = postSolution
		{F5AAA50D-7023-4AEE-B7EC-9ADC80DF6484}.Debug|Any CPU.ActiveCfg = Debug|Any CPU
		{F5AAA50D-7023-4AEE-B7EC-9ADC80DF6484}.Debug|Any CPU.Build.0 = Debug|Any CPU
		{F5AAA50D-7023-4AEE-B7EC-9ADC80DF6484}.Release|Any CPU.ActiveCfg = Release|Any CPU
		{F5AAA50D-7023-4AEE-B7EC-9ADC80DF6484}.Release|Any CPU.Build.0 = Release|Any CPU
	EndGlobalSection
	GlobalSection(SolutionProperties) = preSolution
		HideSolutionNode = FALSE
	EndGlobalSection
	GlobalSection(ExtensibilityGlobals) = postSolution
		SolutionGuid = {FCC62444-76F5-4DDC-8ECC-67A8650CD707}
	EndGlobalSection
EndGlobal
